
Microsoft Visual Studio Solution File, Format Version 12.00
Project("{FAE04EC0-301F-11D3-BF4B-00C04F79EFBC}") = "SessionDataTest", "SessionDataTest\SessionDataTest.csproj", "{46ABFD2F-6C4F-489E-A78E-5F3846BD077C}"
EndProject
Global
	GlobalSection(SolutionConfigurationPlatforms) = preSolution
		Debug|Any CPU = Debug|Any CPU
		Release|Any CPU = Release|Any CPU
	EndGlobalSection
	GlobalSection(ProjectConfigurationPlatforms) = postSolution
		{46ABFD2F-6C4F-489E-A78E-5F3846BD077C}.Debug|Any CPU.ActiveCfg = Debug|Any CPU
		{46ABFD2F-6C4F-489E-A78E-5F3846BD077C}.Debug|Any CPU.Build.0 = Debug|Any CPU
		{46ABFD2F-6C4F-489E-A78E-5F3846BD077C}.Release|Any CPU.ActiveCfg = Release|Any CPU
		{46ABFD2F-6C4F-489E-A78E-5F3846BD077C}.Release|Any CPU.Build.0 = Release|Any CPU
	EndGlobalSection
EndGlobal
